// !$*UTF8*$!
{
	archiveVersion = 1;
	classes = {
	};
<<<<<<< HEAD
	objectVersion = 51;
	objects = {

/* Begin PBXBuildFile section */
		93D66BC973B1D06C9F8DA3C2 /* Pods_Prueba.framework in Frameworks */ = {isa = PBXBuildFile; fileRef = 3D4F0520423D00D2C74B11FA /* Pods_Prueba.framework */; };
=======
	objectVersion = 50;
	objects = {

/* Begin PBXBuildFile section */
		534ED7A16BA2B9CFDD82A657 /* Pods_Prueba.framework in Frameworks */ = {isa = PBXBuildFile; fileRef = 550E7F124381CD69C7EA3184 /* Pods_Prueba.framework */; };
>>>>>>> 8990fd99b9c866a4e223da4e70190964eb1a9254
		A9015865230F6CC5007CC8EA /* DataSource.swift in Sources */ = {isa = PBXBuildFile; fileRef = A9015864230F6CC5007CC8EA /* DataSource.swift */; };
		A90FDDB5231246D600D208B3 /* DirectedViewController.swift in Sources */ = {isa = PBXBuildFile; fileRef = A90FDDB4231246D600D208B3 /* DirectedViewController.swift */; };
		A90FDDB7231258A000D208B3 /* CellTableView.swift in Sources */ = {isa = PBXBuildFile; fileRef = A90FDDB6231258A000D208B3 /* CellTableView.swift */; };
		A90FDDB9231260ED00D208B3 /* NDViewController.swift in Sources */ = {isa = PBXBuildFile; fileRef = A90FDDB8231260ED00D208B3 /* NDViewController.swift */; };
		A926152122EB6A85002D4D4A /* ShowLaunchScreen.swift in Sources */ = {isa = PBXBuildFile; fileRef = A926152022EB6A85002D4D4A /* ShowLaunchScreen.swift */; };
		A929A4DE23295B03009DE2B0 /* LoginViewController.swift in Sources */ = {isa = PBXBuildFile; fileRef = A929A4DD23295B03009DE2B0 /* LoginViewController.swift */; };
		A98ACE3922EB113400393EEB /* AppDelegate.swift in Sources */ = {isa = PBXBuildFile; fileRef = A98ACE3822EB113400393EEB /* AppDelegate.swift */; };
		A98ACE3B22EB113400393EEB /* ViewController.swift in Sources */ = {isa = PBXBuildFile; fileRef = A98ACE3A22EB113400393EEB /* ViewController.swift */; };
		A98ACE3E22EB113400393EEB /* Main.storyboard in Resources */ = {isa = PBXBuildFile; fileRef = A98ACE3C22EB113400393EEB /* Main.storyboard */; };
		A98ACE4022EB113500393EEB /* Assets.xcassets in Resources */ = {isa = PBXBuildFile; fileRef = A98ACE3F22EB113500393EEB /* Assets.xcassets */; };
		A98ACE4322EB113500393EEB /* LaunchScreen.storyboard in Resources */ = {isa = PBXBuildFile; fileRef = A98ACE4122EB113500393EEB /* LaunchScreen.storyboard */; };
		A98ACE4D22EB25AC00393EEB /* AlgoritmoViewController.swift in Sources */ = {isa = PBXBuildFile; fileRef = A98ACE4C22EB25AC00393EEB /* AlgoritmoViewController.swift */; };
		A98ACE4F22EB28BF00393EEB /* AlgoritmosNDViewController.swift in Sources */ = {isa = PBXBuildFile; fileRef = A98ACE4E22EB28BF00393EEB /* AlgoritmosNDViewController.swift */; };
		A9908AD123348AAA0078F8B8 /* RegisterViewController.swift in Sources */ = {isa = PBXBuildFile; fileRef = A9908AD023348AAA0078F8B8 /* RegisterViewController.swift */; };
		A9908AD42334A6F60078F8B8 /* GoogleService-Info.plist in Resources */ = {isa = PBXBuildFile; fileRef = A9908AD32334A6F60078F8B8 /* GoogleService-Info.plist */; };
		A9908AD6233530280078F8B8 /* UserProfileViewController.swift in Sources */ = {isa = PBXBuildFile; fileRef = A9908AD5233530280078F8B8 /* UserProfileViewController.swift */; };
		A9C2C5562315163B002D31B8 /* DirectCellTableView.swift in Sources */ = {isa = PBXBuildFile; fileRef = A9C2C5552315163B002D31B8 /* DirectCellTableView.swift */; };
		A9F4DDB92313BF4C00194931 /* CollectionViewCell.swift in Sources */ = {isa = PBXBuildFile; fileRef = A9F4DDB82313BF4C00194931 /* CollectionViewCell.swift */; };
		A9F4DDBD2313C4DD00194931 /* GaleriaViewController.swift in Sources */ = {isa = PBXBuildFile; fileRef = A9F4DDBC2313C4DD00194931 /* GaleriaViewController.swift */; };
		A9F4DDBF2313E00900194931 /* ImgGaleriaViewController.swift in Sources */ = {isa = PBXBuildFile; fileRef = A9F4DDBE2313E00900194931 /* ImgGaleriaViewController.swift */; };
		A9F4DDC32314EB8C00194931 /* MainTableViewCell.swift in Sources */ = {isa = PBXBuildFile; fileRef = A9F4DDC22314EB8C00194931 /* MainTableViewCell.swift */; };
/* End PBXBuildFile section */

/* Begin PBXFileReference section */
<<<<<<< HEAD
		12B4B1DF68F768D866ED6140 /* Pods-Prueba.release.xcconfig */ = {isa = PBXFileReference; includeInIndex = 1; lastKnownFileType = text.xcconfig; name = "Pods-Prueba.release.xcconfig"; path = "Pods/Target Support Files/Pods-Prueba/Pods-Prueba.release.xcconfig"; sourceTree = "<group>"; };
		131CE869D927FE8CA2A45C59 /* Pods-Prueba.debug.xcconfig */ = {isa = PBXFileReference; includeInIndex = 1; lastKnownFileType = text.xcconfig; name = "Pods-Prueba.debug.xcconfig"; path = "Pods/Target Support Files/Pods-Prueba/Pods-Prueba.debug.xcconfig"; sourceTree = "<group>"; };
		3D4F0520423D00D2C74B11FA /* Pods_Prueba.framework */ = {isa = PBXFileReference; explicitFileType = wrapper.framework; includeInIndex = 0; path = Pods_Prueba.framework; sourceTree = BUILT_PRODUCTS_DIR; };
=======
		550E7F124381CD69C7EA3184 /* Pods_Prueba.framework */ = {isa = PBXFileReference; explicitFileType = wrapper.framework; includeInIndex = 0; path = Pods_Prueba.framework; sourceTree = BUILT_PRODUCTS_DIR; };
		85C90017AB1EEBCE15BF4E7F /* Pods-Prueba.debug.xcconfig */ = {isa = PBXFileReference; includeInIndex = 1; lastKnownFileType = text.xcconfig; name = "Pods-Prueba.debug.xcconfig"; path = "Pods/Target Support Files/Pods-Prueba/Pods-Prueba.debug.xcconfig"; sourceTree = "<group>"; };
>>>>>>> 8990fd99b9c866a4e223da4e70190964eb1a9254
		A9015864230F6CC5007CC8EA /* DataSource.swift */ = {isa = PBXFileReference; lastKnownFileType = sourcecode.swift; path = DataSource.swift; sourceTree = "<group>"; };
		A90FDDB4231246D600D208B3 /* DirectedViewController.swift */ = {isa = PBXFileReference; lastKnownFileType = sourcecode.swift; path = DirectedViewController.swift; sourceTree = "<group>"; };
		A90FDDB6231258A000D208B3 /* CellTableView.swift */ = {isa = PBXFileReference; lastKnownFileType = sourcecode.swift; path = CellTableView.swift; sourceTree = "<group>"; };
		A90FDDB8231260ED00D208B3 /* NDViewController.swift */ = {isa = PBXFileReference; lastKnownFileType = sourcecode.swift; path = NDViewController.swift; sourceTree = "<group>"; };
		A926152022EB6A85002D4D4A /* ShowLaunchScreen.swift */ = {isa = PBXFileReference; lastKnownFileType = sourcecode.swift; path = ShowLaunchScreen.swift; sourceTree = "<group>"; };
		A929A4DD23295B03009DE2B0 /* LoginViewController.swift */ = {isa = PBXFileReference; lastKnownFileType = sourcecode.swift; path = LoginViewController.swift; sourceTree = "<group>"; };
		A98ACE3522EB113400393EEB /* Prueba.app */ = {isa = PBXFileReference; explicitFileType = wrapper.application; includeInIndex = 0; path = Prueba.app; sourceTree = BUILT_PRODUCTS_DIR; };
		A98ACE3822EB113400393EEB /* AppDelegate.swift */ = {isa = PBXFileReference; lastKnownFileType = sourcecode.swift; path = AppDelegate.swift; sourceTree = "<group>"; };
		A98ACE3A22EB113400393EEB /* ViewController.swift */ = {isa = PBXFileReference; lastKnownFileType = sourcecode.swift; path = ViewController.swift; sourceTree = "<group>"; };
		A98ACE3D22EB113400393EEB /* Base */ = {isa = PBXFileReference; lastKnownFileType = file.storyboard; name = Base; path = Base.lproj/Main.storyboard; sourceTree = "<group>"; };
		A98ACE3F22EB113500393EEB /* Assets.xcassets */ = {isa = PBXFileReference; lastKnownFileType = folder.assetcatalog; path = Assets.xcassets; sourceTree = "<group>"; };
		A98ACE4222EB113500393EEB /* Base */ = {isa = PBXFileReference; lastKnownFileType = file.storyboard; name = Base; path = Base.lproj/LaunchScreen.storyboard; sourceTree = "<group>"; };
		A98ACE4422EB113500393EEB /* Info.plist */ = {isa = PBXFileReference; lastKnownFileType = text.plist.xml; path = Info.plist; sourceTree = "<group>"; };
		A98ACE4C22EB25AC00393EEB /* AlgoritmoViewController.swift */ = {isa = PBXFileReference; lastKnownFileType = sourcecode.swift; path = AlgoritmoViewController.swift; sourceTree = "<group>"; };
		A98ACE4E22EB28BF00393EEB /* AlgoritmosNDViewController.swift */ = {isa = PBXFileReference; lastKnownFileType = sourcecode.swift; path = AlgoritmosNDViewController.swift; sourceTree = "<group>"; };
		A9908AD023348AAA0078F8B8 /* RegisterViewController.swift */ = {isa = PBXFileReference; lastKnownFileType = sourcecode.swift; path = RegisterViewController.swift; sourceTree = "<group>"; };
		A9908AD32334A6F60078F8B8 /* GoogleService-Info.plist */ = {isa = PBXFileReference; fileEncoding = 4; lastKnownFileType = text.plist.xml; name = "GoogleService-Info.plist"; path = "../GoogleService-Info.plist"; sourceTree = "<group>"; };
		A9908AD5233530280078F8B8 /* UserProfileViewController.swift */ = {isa = PBXFileReference; lastKnownFileType = sourcecode.swift; path = UserProfileViewController.swift; sourceTree = "<group>"; };
		A9C2C5552315163B002D31B8 /* DirectCellTableView.swift */ = {isa = PBXFileReference; lastKnownFileType = sourcecode.swift; path = DirectCellTableView.swift; sourceTree = "<group>"; };
<<<<<<< HEAD
		A9C30020232B4AE6007F0A2C /* libFirebaseAuth.a */ = {isa = PBXFileReference; explicitFileType = archive.ar; path = libFirebaseAuth.a; sourceTree = BUILT_PRODUCTS_DIR; };
		A9C30022232B4AE6007F0A2C /* libFirebaseCore.a */ = {isa = PBXFileReference; explicitFileType = archive.ar; path = libFirebaseCore.a; sourceTree = BUILT_PRODUCTS_DIR; };
		A9C30024232B4AE6007F0A2C /* libFirebaseUI.a */ = {isa = PBXFileReference; explicitFileType = archive.ar; path = libFirebaseUI.a; sourceTree = BUILT_PRODUCTS_DIR; };
=======
>>>>>>> 8990fd99b9c866a4e223da4e70190964eb1a9254
		A9F4DDB82313BF4C00194931 /* CollectionViewCell.swift */ = {isa = PBXFileReference; lastKnownFileType = sourcecode.swift; path = CollectionViewCell.swift; sourceTree = "<group>"; };
		A9F4DDBC2313C4DD00194931 /* GaleriaViewController.swift */ = {isa = PBXFileReference; lastKnownFileType = sourcecode.swift; path = GaleriaViewController.swift; sourceTree = "<group>"; };
		A9F4DDBE2313E00900194931 /* ImgGaleriaViewController.swift */ = {isa = PBXFileReference; lastKnownFileType = sourcecode.swift; path = ImgGaleriaViewController.swift; sourceTree = "<group>"; };
		A9F4DDC22314EB8C00194931 /* MainTableViewCell.swift */ = {isa = PBXFileReference; lastKnownFileType = sourcecode.swift; path = MainTableViewCell.swift; sourceTree = "<group>"; };
<<<<<<< HEAD
=======
		E7CF981903E928996F28BFED /* Pods-Prueba.release.xcconfig */ = {isa = PBXFileReference; includeInIndex = 1; lastKnownFileType = text.xcconfig; name = "Pods-Prueba.release.xcconfig"; path = "Pods/Target Support Files/Pods-Prueba/Pods-Prueba.release.xcconfig"; sourceTree = "<group>"; };
>>>>>>> 8990fd99b9c866a4e223da4e70190964eb1a9254
/* End PBXFileReference section */

/* Begin PBXFrameworksBuildPhase section */
		A98ACE3222EB113400393EEB /* Frameworks */ = {
			isa = PBXFrameworksBuildPhase;
			buildActionMask = 2147483647;
			files = (
<<<<<<< HEAD
				93D66BC973B1D06C9F8DA3C2 /* Pods_Prueba.framework in Frameworks */,
=======
				534ED7A16BA2B9CFDD82A657 /* Pods_Prueba.framework in Frameworks */,
>>>>>>> 8990fd99b9c866a4e223da4e70190964eb1a9254
			);
			runOnlyForDeploymentPostprocessing = 0;
		};
/* End PBXFrameworksBuildPhase section */

/* Begin PBXGroup section */
		43FF4A869BBE183FAEF43D7A /* Frameworks */ = {
			isa = PBXGroup;
			children = (
<<<<<<< HEAD
				A9C30020232B4AE6007F0A2C /* libFirebaseAuth.a */,
				A9C30022232B4AE6007F0A2C /* libFirebaseCore.a */,
				A9C30024232B4AE6007F0A2C /* libFirebaseUI.a */,
				3D4F0520423D00D2C74B11FA /* Pods_Prueba.framework */,
=======
				550E7F124381CD69C7EA3184 /* Pods_Prueba.framework */,
>>>>>>> 8990fd99b9c866a4e223da4e70190964eb1a9254
			);
			name = Frameworks;
			sourceTree = "<group>";
		};
		A98ACE2C22EB113300393EEB = {
			isa = PBXGroup;
			children = (
				A98ACE3722EB113400393EEB /* Prueba */,
				A98ACE3622EB113400393EEB /* Products */,
				DB8E2BD247A63447D443B909 /* Pods */,
				43FF4A869BBE183FAEF43D7A /* Frameworks */,
			);
			sourceTree = "<group>";
		};
		A98ACE3622EB113400393EEB /* Products */ = {
			isa = PBXGroup;
			children = (
				A98ACE3522EB113400393EEB /* Prueba.app */,
			);
			name = Products;
			sourceTree = "<group>";
		};
		A98ACE3722EB113400393EEB /* Prueba */ = {
			isa = PBXGroup;
			children = (
				A9908AD32334A6F60078F8B8 /* GoogleService-Info.plist */,
				A98ACE3822EB113400393EEB /* AppDelegate.swift */,
				A98ACE3A22EB113400393EEB /* ViewController.swift */,
				A98ACE3C22EB113400393EEB /* Main.storyboard */,
				A98ACE3F22EB113500393EEB /* Assets.xcassets */,
				A98ACE4122EB113500393EEB /* LaunchScreen.storyboard */,
				A98ACE4422EB113500393EEB /* Info.plist */,
				A98ACE4C22EB25AC00393EEB /* AlgoritmoViewController.swift */,
				A98ACE4E22EB28BF00393EEB /* AlgoritmosNDViewController.swift */,
				A926152022EB6A85002D4D4A /* ShowLaunchScreen.swift */,
				A9015864230F6CC5007CC8EA /* DataSource.swift */,
				A90FDDB4231246D600D208B3 /* DirectedViewController.swift */,
				A90FDDB6231258A000D208B3 /* CellTableView.swift */,
				A90FDDB8231260ED00D208B3 /* NDViewController.swift */,
				A9F4DDB82313BF4C00194931 /* CollectionViewCell.swift */,
				A9F4DDBC2313C4DD00194931 /* GaleriaViewController.swift */,
				A9F4DDBE2313E00900194931 /* ImgGaleriaViewController.swift */,
				A9F4DDC22314EB8C00194931 /* MainTableViewCell.swift */,
				A9C2C5552315163B002D31B8 /* DirectCellTableView.swift */,
				A929A4DD23295B03009DE2B0 /* LoginViewController.swift */,
				A9908AD023348AAA0078F8B8 /* RegisterViewController.swift */,
				A9908AD5233530280078F8B8 /* UserProfileViewController.swift */,
			);
			path = Prueba;
			sourceTree = "<group>";
		};
		DB8E2BD247A63447D443B909 /* Pods */ = {
			isa = PBXGroup;
			children = (
<<<<<<< HEAD
				131CE869D927FE8CA2A45C59 /* Pods-Prueba.debug.xcconfig */,
				12B4B1DF68F768D866ED6140 /* Pods-Prueba.release.xcconfig */,
=======
				85C90017AB1EEBCE15BF4E7F /* Pods-Prueba.debug.xcconfig */,
				E7CF981903E928996F28BFED /* Pods-Prueba.release.xcconfig */,
>>>>>>> 8990fd99b9c866a4e223da4e70190964eb1a9254
			);
			name = Pods;
			sourceTree = "<group>";
		};
/* End PBXGroup section */

/* Begin PBXNativeTarget section */
		A98ACE3422EB113400393EEB /* Prueba */ = {
			isa = PBXNativeTarget;
			buildConfigurationList = A98ACE4722EB113500393EEB /* Build configuration list for PBXNativeTarget "Prueba" */;
			buildPhases = (
<<<<<<< HEAD
				FCF06DDC1B2A7836C0F5FCCE /* [CP] Check Pods Manifest.lock */,
				A98ACE3122EB113400393EEB /* Sources */,
				A98ACE3222EB113400393EEB /* Frameworks */,
				A98ACE3322EB113400393EEB /* Resources */,
				53BC808EFBA8ABC397AB9337 /* [CP] Copy Pods Resources */,
				D47CEC6C84994944C85395EE /* [CP] Embed Pods Frameworks */,
=======
				0AD0DBA592F4E251B9C97A40 /* [CP] Check Pods Manifest.lock */,
				A98ACE3122EB113400393EEB /* Sources */,
				A98ACE3222EB113400393EEB /* Frameworks */,
				A98ACE3322EB113400393EEB /* Resources */,
				A92D39CE969305E48778D1C8 /* [CP] Embed Pods Frameworks */,
>>>>>>> 8990fd99b9c866a4e223da4e70190964eb1a9254
			);
			buildRules = (
			);
			dependencies = (
			);
			name = Prueba;
			productName = Prueba;
			productReference = A98ACE3522EB113400393EEB /* Prueba.app */;
			productType = "com.apple.product-type.application";
		};
/* End PBXNativeTarget section */

/* Begin PBXProject section */
		A98ACE2D22EB113400393EEB /* Project object */ = {
			isa = PBXProject;
			attributes = {
				LastSwiftUpdateCheck = 1020;
				LastUpgradeCheck = 1020;
				ORGANIZATIONNAME = "Jonathan Cordoba Luna";
				TargetAttributes = {
					A98ACE3422EB113400393EEB = {
						CreatedOnToolsVersion = 10.2.1;
					};
				};
			};
			buildConfigurationList = A98ACE3022EB113400393EEB /* Build configuration list for PBXProject "Prueba" */;
			compatibilityVersion = "Xcode 9.3";
			developmentRegion = en;
			hasScannedForEncodings = 0;
			knownRegions = (
				en,
				Base,
			);
			mainGroup = A98ACE2C22EB113300393EEB;
			productRefGroup = A98ACE3622EB113400393EEB /* Products */;
			projectDirPath = "";
			projectRoot = "";
			targets = (
				A98ACE3422EB113400393EEB /* Prueba */,
			);
		};
/* End PBXProject section */

/* Begin PBXResourcesBuildPhase section */
		A98ACE3322EB113400393EEB /* Resources */ = {
			isa = PBXResourcesBuildPhase;
			buildActionMask = 2147483647;
			files = (
				A98ACE4322EB113500393EEB /* LaunchScreen.storyboard in Resources */,
				A9908AD42334A6F60078F8B8 /* GoogleService-Info.plist in Resources */,
				A98ACE4022EB113500393EEB /* Assets.xcassets in Resources */,
				A98ACE3E22EB113400393EEB /* Main.storyboard in Resources */,
			);
			runOnlyForDeploymentPostprocessing = 0;
		};
/* End PBXResourcesBuildPhase section */

/* Begin PBXShellScriptBuildPhase section */
<<<<<<< HEAD
		53BC808EFBA8ABC397AB9337 /* [CP] Copy Pods Resources */ = {
=======
		0AD0DBA592F4E251B9C97A40 /* [CP] Check Pods Manifest.lock */ = {
>>>>>>> 8990fd99b9c866a4e223da4e70190964eb1a9254
			isa = PBXShellScriptBuildPhase;
			buildActionMask = 2147483647;
			files = (
			);
			inputFileListPaths = (
<<<<<<< HEAD
				"${PODS_ROOT}/Target Support Files/Pods-Prueba/Pods-Prueba-resources-${CONFIGURATION}-input-files.xcfilelist",
			);
			name = "[CP] Copy Pods Resources";
			outputFileListPaths = (
				"${PODS_ROOT}/Target Support Files/Pods-Prueba/Pods-Prueba-resources-${CONFIGURATION}-output-files.xcfilelist",
			);
			runOnlyForDeploymentPostprocessing = 0;
			shellPath = /bin/sh;
			shellScript = "\"${PODS_ROOT}/Target Support Files/Pods-Prueba/Pods-Prueba-resources.sh\"\n";
			showEnvVarsInLog = 0;
		};
		D47CEC6C84994944C85395EE /* [CP] Embed Pods Frameworks */ = {
=======
			);
			inputPaths = (
				"${PODS_PODFILE_DIR_PATH}/Podfile.lock",
				"${PODS_ROOT}/Manifest.lock",
			);
			name = "[CP] Check Pods Manifest.lock";
			outputFileListPaths = (
			);
			outputPaths = (
				"$(DERIVED_FILE_DIR)/Pods-Prueba-checkManifestLockResult.txt",
			);
			runOnlyForDeploymentPostprocessing = 0;
			shellPath = /bin/sh;
			shellScript = "diff \"${PODS_PODFILE_DIR_PATH}/Podfile.lock\" \"${PODS_ROOT}/Manifest.lock\" > /dev/null\nif [ $? != 0 ] ; then\n    # print error to STDERR\n    echo \"error: The sandbox is not in sync with the Podfile.lock. Run 'pod install' or update your CocoaPods installation.\" >&2\n    exit 1\nfi\n# This output is used by Xcode 'outputs' to avoid re-running this script phase.\necho \"SUCCESS\" > \"${SCRIPT_OUTPUT_FILE_0}\"\n";
			showEnvVarsInLog = 0;
		};
		A92D39CE969305E48778D1C8 /* [CP] Embed Pods Frameworks */ = {
>>>>>>> 8990fd99b9c866a4e223da4e70190964eb1a9254
			isa = PBXShellScriptBuildPhase;
			buildActionMask = 2147483647;
			files = (
			);
			inputFileListPaths = (
				"${PODS_ROOT}/Target Support Files/Pods-Prueba/Pods-Prueba-frameworks-${CONFIGURATION}-input-files.xcfilelist",
			);
			name = "[CP] Embed Pods Frameworks";
			outputFileListPaths = (
				"${PODS_ROOT}/Target Support Files/Pods-Prueba/Pods-Prueba-frameworks-${CONFIGURATION}-output-files.xcfilelist",
			);
			runOnlyForDeploymentPostprocessing = 0;
			shellPath = /bin/sh;
			shellScript = "\"${PODS_ROOT}/Target Support Files/Pods-Prueba/Pods-Prueba-frameworks.sh\"\n";
			showEnvVarsInLog = 0;
		};
<<<<<<< HEAD
		FCF06DDC1B2A7836C0F5FCCE /* [CP] Check Pods Manifest.lock */ = {
			isa = PBXShellScriptBuildPhase;
			buildActionMask = 2147483647;
			files = (
			);
			inputPaths = (
				"${PODS_PODFILE_DIR_PATH}/Podfile.lock",
				"${PODS_ROOT}/Manifest.lock",
			);
			name = "[CP] Check Pods Manifest.lock";
			outputPaths = (
				"$(DERIVED_FILE_DIR)/Pods-Prueba-checkManifestLockResult.txt",
			);
			runOnlyForDeploymentPostprocessing = 0;
			shellPath = /bin/sh;
			shellScript = "diff \"${PODS_PODFILE_DIR_PATH}/Podfile.lock\" \"${PODS_ROOT}/Manifest.lock\" > /dev/null\nif [ $? != 0 ] ; then\n    # print error to STDERR\n    echo \"error: The sandbox is not in sync with the Podfile.lock. Run 'pod install' or update your CocoaPods installation.\" >&2\n    exit 1\nfi\n# This output is used by Xcode 'outputs' to avoid re-running this script phase.\necho \"SUCCESS\" > \"${SCRIPT_OUTPUT_FILE_0}\"\n";
			showEnvVarsInLog = 0;
		};
=======
>>>>>>> 8990fd99b9c866a4e223da4e70190964eb1a9254
/* End PBXShellScriptBuildPhase section */

/* Begin PBXSourcesBuildPhase section */
		A98ACE3122EB113400393EEB /* Sources */ = {
			isa = PBXSourcesBuildPhase;
			buildActionMask = 2147483647;
			files = (
				A9015865230F6CC5007CC8EA /* DataSource.swift in Sources */,
				A9F4DDBF2313E00900194931 /* ImgGaleriaViewController.swift in Sources */,
				A90FDDB5231246D600D208B3 /* DirectedViewController.swift in Sources */,
				A929A4DE23295B03009DE2B0 /* LoginViewController.swift in Sources */,
				A9C2C5562315163B002D31B8 /* DirectCellTableView.swift in Sources */,
				A9908AD6233530280078F8B8 /* UserProfileViewController.swift in Sources */,
				A9F4DDBD2313C4DD00194931 /* GaleriaViewController.swift in Sources */,
				A98ACE3B22EB113400393EEB /* ViewController.swift in Sources */,
				A90FDDB9231260ED00D208B3 /* NDViewController.swift in Sources */,
				A926152122EB6A85002D4D4A /* ShowLaunchScreen.swift in Sources */,
				A98ACE4D22EB25AC00393EEB /* AlgoritmoViewController.swift in Sources */,
				A90FDDB7231258A000D208B3 /* CellTableView.swift in Sources */,
				A9908AD123348AAA0078F8B8 /* RegisterViewController.swift in Sources */,
				A9F4DDC32314EB8C00194931 /* MainTableViewCell.swift in Sources */,
				A98ACE4F22EB28BF00393EEB /* AlgoritmosNDViewController.swift in Sources */,
				A98ACE3922EB113400393EEB /* AppDelegate.swift in Sources */,
				A9F4DDB92313BF4C00194931 /* CollectionViewCell.swift in Sources */,
			);
			runOnlyForDeploymentPostprocessing = 0;
		};
/* End PBXSourcesBuildPhase section */

/* Begin PBXVariantGroup section */
		A98ACE3C22EB113400393EEB /* Main.storyboard */ = {
			isa = PBXVariantGroup;
			children = (
				A98ACE3D22EB113400393EEB /* Base */,
			);
			name = Main.storyboard;
			sourceTree = "<group>";
		};
		A98ACE4122EB113500393EEB /* LaunchScreen.storyboard */ = {
			isa = PBXVariantGroup;
			children = (
				A98ACE4222EB113500393EEB /* Base */,
			);
			name = LaunchScreen.storyboard;
			sourceTree = "<group>";
		};
/* End PBXVariantGroup section */

/* Begin XCBuildConfiguration section */
		A98ACE4522EB113500393EEB /* Debug */ = {
			isa = XCBuildConfiguration;
			buildSettings = {
				ALWAYS_SEARCH_USER_PATHS = NO;
				CLANG_ANALYZER_NONNULL = YES;
				CLANG_ANALYZER_NUMBER_OBJECT_CONVERSION = YES_AGGRESSIVE;
				CLANG_CXX_LANGUAGE_STANDARD = "gnu++14";
				CLANG_CXX_LIBRARY = "libc++";
				CLANG_ENABLE_MODULES = YES;
				CLANG_ENABLE_OBJC_ARC = YES;
				CLANG_ENABLE_OBJC_WEAK = YES;
				CLANG_WARN_BLOCK_CAPTURE_AUTORELEASING = YES;
				CLANG_WARN_BOOL_CONVERSION = YES;
				CLANG_WARN_COMMA = YES;
				CLANG_WARN_CONSTANT_CONVERSION = YES;
				CLANG_WARN_DEPRECATED_OBJC_IMPLEMENTATIONS = YES;
				CLANG_WARN_DIRECT_OBJC_ISA_USAGE = YES_ERROR;
				CLANG_WARN_DOCUMENTATION_COMMENTS = YES;
				CLANG_WARN_EMPTY_BODY = YES;
				CLANG_WARN_ENUM_CONVERSION = YES;
				CLANG_WARN_INFINITE_RECURSION = YES;
				CLANG_WARN_INT_CONVERSION = YES;
				CLANG_WARN_NON_LITERAL_NULL_CONVERSION = YES;
				CLANG_WARN_OBJC_IMPLICIT_RETAIN_SELF = YES;
				CLANG_WARN_OBJC_LITERAL_CONVERSION = YES;
				CLANG_WARN_OBJC_ROOT_CLASS = YES_ERROR;
				CLANG_WARN_RANGE_LOOP_ANALYSIS = YES;
				CLANG_WARN_STRICT_PROTOTYPES = YES;
				CLANG_WARN_SUSPICIOUS_MOVE = YES;
				CLANG_WARN_UNGUARDED_AVAILABILITY = YES_AGGRESSIVE;
				CLANG_WARN_UNREACHABLE_CODE = YES;
				CLANG_WARN__DUPLICATE_METHOD_MATCH = YES;
				CODE_SIGN_IDENTITY = "iPhone Developer";
				COPY_PHASE_STRIP = NO;
				DEBUG_INFORMATION_FORMAT = dwarf;
				ENABLE_STRICT_OBJC_MSGSEND = YES;
				ENABLE_TESTABILITY = YES;
				GCC_C_LANGUAGE_STANDARD = gnu11;
				GCC_DYNAMIC_NO_PIC = NO;
				GCC_NO_COMMON_BLOCKS = YES;
				GCC_OPTIMIZATION_LEVEL = 0;
				GCC_PREPROCESSOR_DEFINITIONS = (
					"DEBUG=1",
					"$(inherited)",
				);
				GCC_WARN_64_TO_32_BIT_CONVERSION = YES;
				GCC_WARN_ABOUT_RETURN_TYPE = YES_ERROR;
				GCC_WARN_UNDECLARED_SELECTOR = YES;
				GCC_WARN_UNINITIALIZED_AUTOS = YES_AGGRESSIVE;
				GCC_WARN_UNUSED_FUNCTION = YES;
				GCC_WARN_UNUSED_VARIABLE = YES;
				IPHONEOS_DEPLOYMENT_TARGET = 12.2;
				MTL_ENABLE_DEBUG_INFO = INCLUDE_SOURCE;
				MTL_FAST_MATH = YES;
				ONLY_ACTIVE_ARCH = YES;
				SDKROOT = iphoneos;
				SWIFT_ACTIVE_COMPILATION_CONDITIONS = DEBUG;
				SWIFT_OPTIMIZATION_LEVEL = "-Onone";
			};
			name = Debug;
		};
		A98ACE4622EB113500393EEB /* Release */ = {
			isa = XCBuildConfiguration;
			buildSettings = {
				ALWAYS_SEARCH_USER_PATHS = NO;
				CLANG_ANALYZER_NONNULL = YES;
				CLANG_ANALYZER_NUMBER_OBJECT_CONVERSION = YES_AGGRESSIVE;
				CLANG_CXX_LANGUAGE_STANDARD = "gnu++14";
				CLANG_CXX_LIBRARY = "libc++";
				CLANG_ENABLE_MODULES = YES;
				CLANG_ENABLE_OBJC_ARC = YES;
				CLANG_ENABLE_OBJC_WEAK = YES;
				CLANG_WARN_BLOCK_CAPTURE_AUTORELEASING = YES;
				CLANG_WARN_BOOL_CONVERSION = YES;
				CLANG_WARN_COMMA = YES;
				CLANG_WARN_CONSTANT_CONVERSION = YES;
				CLANG_WARN_DEPRECATED_OBJC_IMPLEMENTATIONS = YES;
				CLANG_WARN_DIRECT_OBJC_ISA_USAGE = YES_ERROR;
				CLANG_WARN_DOCUMENTATION_COMMENTS = YES;
				CLANG_WARN_EMPTY_BODY = YES;
				CLANG_WARN_ENUM_CONVERSION = YES;
				CLANG_WARN_INFINITE_RECURSION = YES;
				CLANG_WARN_INT_CONVERSION = YES;
				CLANG_WARN_NON_LITERAL_NULL_CONVERSION = YES;
				CLANG_WARN_OBJC_IMPLICIT_RETAIN_SELF = YES;
				CLANG_WARN_OBJC_LITERAL_CONVERSION = YES;
				CLANG_WARN_OBJC_ROOT_CLASS = YES_ERROR;
				CLANG_WARN_RANGE_LOOP_ANALYSIS = YES;
				CLANG_WARN_STRICT_PROTOTYPES = YES;
				CLANG_WARN_SUSPICIOUS_MOVE = YES;
				CLANG_WARN_UNGUARDED_AVAILABILITY = YES_AGGRESSIVE;
				CLANG_WARN_UNREACHABLE_CODE = YES;
				CLANG_WARN__DUPLICATE_METHOD_MATCH = YES;
				CODE_SIGN_IDENTITY = "iPhone Developer";
				COPY_PHASE_STRIP = NO;
				DEBUG_INFORMATION_FORMAT = "dwarf-with-dsym";
				ENABLE_NS_ASSERTIONS = NO;
				ENABLE_STRICT_OBJC_MSGSEND = YES;
				GCC_C_LANGUAGE_STANDARD = gnu11;
				GCC_NO_COMMON_BLOCKS = YES;
				GCC_WARN_64_TO_32_BIT_CONVERSION = YES;
				GCC_WARN_ABOUT_RETURN_TYPE = YES_ERROR;
				GCC_WARN_UNDECLARED_SELECTOR = YES;
				GCC_WARN_UNINITIALIZED_AUTOS = YES_AGGRESSIVE;
				GCC_WARN_UNUSED_FUNCTION = YES;
				GCC_WARN_UNUSED_VARIABLE = YES;
				IPHONEOS_DEPLOYMENT_TARGET = 12.2;
				MTL_ENABLE_DEBUG_INFO = NO;
				MTL_FAST_MATH = YES;
				SDKROOT = iphoneos;
				SWIFT_COMPILATION_MODE = wholemodule;
				SWIFT_OPTIMIZATION_LEVEL = "-O";
				VALIDATE_PRODUCT = YES;
			};
			name = Release;
		};
		A98ACE4822EB113500393EEB /* Debug */ = {
			isa = XCBuildConfiguration;
<<<<<<< HEAD
			baseConfigurationReference = 131CE869D927FE8CA2A45C59 /* Pods-Prueba.debug.xcconfig */;
=======
			baseConfigurationReference = 85C90017AB1EEBCE15BF4E7F /* Pods-Prueba.debug.xcconfig */;
>>>>>>> 8990fd99b9c866a4e223da4e70190964eb1a9254
			buildSettings = {
				ASSETCATALOG_COMPILER_APPICON_NAME = AppIcon;
				CODE_SIGN_STYLE = Automatic;
				INFOPLIST_FILE = Prueba/Info.plist;
				LD_RUNPATH_SEARCH_PATHS = (
					"$(inherited)",
					"@executable_path/Frameworks",
				);
				PRODUCT_BUNDLE_IDENTIFIER = luna.cordoba.mx.Prueba;
				PRODUCT_NAME = "$(TARGET_NAME)";
				SWIFT_VERSION = 5.0;
				TARGETED_DEVICE_FAMILY = "1,2";
			};
			name = Debug;
		};
		A98ACE4922EB113500393EEB /* Release */ = {
			isa = XCBuildConfiguration;
<<<<<<< HEAD
			baseConfigurationReference = 12B4B1DF68F768D866ED6140 /* Pods-Prueba.release.xcconfig */;
=======
			baseConfigurationReference = E7CF981903E928996F28BFED /* Pods-Prueba.release.xcconfig */;
>>>>>>> 8990fd99b9c866a4e223da4e70190964eb1a9254
			buildSettings = {
				ASSETCATALOG_COMPILER_APPICON_NAME = AppIcon;
				CODE_SIGN_STYLE = Automatic;
				INFOPLIST_FILE = Prueba/Info.plist;
				LD_RUNPATH_SEARCH_PATHS = (
					"$(inherited)",
					"@executable_path/Frameworks",
				);
				PRODUCT_BUNDLE_IDENTIFIER = luna.cordoba.mx.Prueba;
				PRODUCT_NAME = "$(TARGET_NAME)";
				SWIFT_VERSION = 5.0;
				TARGETED_DEVICE_FAMILY = "1,2";
			};
			name = Release;
		};
/* End XCBuildConfiguration section */

/* Begin XCConfigurationList section */
		A98ACE3022EB113400393EEB /* Build configuration list for PBXProject "Prueba" */ = {
			isa = XCConfigurationList;
			buildConfigurations = (
				A98ACE4522EB113500393EEB /* Debug */,
				A98ACE4622EB113500393EEB /* Release */,
			);
			defaultConfigurationIsVisible = 0;
			defaultConfigurationName = Release;
		};
		A98ACE4722EB113500393EEB /* Build configuration list for PBXNativeTarget "Prueba" */ = {
			isa = XCConfigurationList;
			buildConfigurations = (
				A98ACE4822EB113500393EEB /* Debug */,
				A98ACE4922EB113500393EEB /* Release */,
			);
			defaultConfigurationIsVisible = 0;
			defaultConfigurationName = Release;
		};
/* End XCConfigurationList section */
	};
	rootObject = A98ACE2D22EB113400393EEB /* Project object */;
}
